
Microsoft Visual Studio Solution File, Format Version 12.00
# Visual Studio 15
VisualStudioVersion = 15.0.26124.0
MinimumVisualStudioVersion = 15.0.26124.0
Project("{FAE04EC0-301F-11D3-BF4B-00C04F79EFBC}") = "AdventOfCode2019", "AdventOfCode2019\AdventOfCode2019.csproj", "{208A1AE5-ED49-4906-AD09-112F5C17BF4C}"
EndProject
Project("{FAE04EC0-301F-11D3-BF4B-00C04F79EFBC}") = "AdventOfCode2019.Tests", "AdventOfCode2019.Tests\AdventOfCode2019.Tests.csproj", "{FD2CE010-AE1A-4850-B5BE-B511E5DC730F}"
EndProject
Global
	GlobalSection(SolutionConfigurationPlatforms) = preSolution
		Debug|Any CPU = Debug|Any CPU
		Debug|x64 = Debug|x64
		Debug|x86 = Debug|x86
		Release|Any CPU = Release|Any CPU
		Release|x64 = Release|x64
		Release|x86 = Release|x86
	EndGlobalSection
	GlobalSection(SolutionProperties) = preSolution
		HideSolutionNode = FALSE
	EndGlobalSection
	GlobalSection(ProjectConfigurationPlatforms) = postSolution
		{208A1AE5-ED49-4906-AD09-112F5C17BF4C}.Debug|Any CPU.ActiveCfg = Debug|Any CPU
		{208A1AE5-ED49-4906-AD09-112F5C17BF4C}.Debug|Any CPU.Build.0 = Debug|Any CPU
		{208A1AE5-ED49-4906-AD09-112F5C17BF4C}.Debug|x64.ActiveCfg = Debug|Any CPU
		{208A1AE5-ED49-4906-AD09-112F5C17BF4C}.Debug|x64.Build.0 = Debug|Any CPU
		{208A1AE5-ED49-4906-AD09-112F5C17BF4C}.Debug|x86.ActiveCfg = Debug|Any CPU
		{208A1AE5-ED49-4906-AD09-112F5C17BF4C}.Debug|x86.Build.0 = Debug|Any CPU
		{208A1AE5-ED49-4906-AD09-112F5C17BF4C}.Release|Any CPU.ActiveCfg = Release|Any CPU
		{208A1AE5-ED49-4906-AD09-112F5C17BF4C}.Release|Any CPU.Build.0 = Release|Any CPU
		{208A1AE5-ED49-4906-AD09-112F5C17BF4C}.Release|x64.ActiveCfg = Release|Any CPU
		{208A1AE5-ED49-4906-AD09-112F5C17BF4C}.Release|x64.Build.0 = Release|Any CPU
		{208A1AE5-ED49-4906-AD09-112F5C17BF4C}.Release|x86.ActiveCfg = Release|Any CPU
		{208A1AE5-ED49-4906-AD09-112F5C17BF4C}.Release|x86.Build.0 = Release|Any CPU
		{FD2CE010-AE1A-4850-B5BE-B511E5DC730F}.Debug|Any CPU.ActiveCfg = Debug|Any CPU
		{FD2CE010-AE1A-4850-B5BE-B511E5DC730F}.Debug|Any CPU.Build.0 = Debug|Any CPU
		{FD2CE010-AE1A-4850-B5BE-B511E5DC730F}.Debug|x64.ActiveCfg = Debug|Any CPU
		{FD2CE010-AE1A-4850-B5BE-B511E5DC730F}.Debug|x64.Build.0 = Debug|Any CPU
		{FD2CE010-AE1A-4850-B5BE-B511E5DC730F}.Debug|x86.ActiveCfg = Debug|Any CPU
		{FD2CE010-AE1A-4850-B5BE-B511E5DC730F}.Debug|x86.Build.0 = Debug|Any CPU
		{FD2CE010-AE1A-4850-B5BE-B511E5DC730F}.Release|Any CPU.ActiveCfg = Release|Any CPU
		{FD2CE010-AE1A-4850-B5BE-B511E5DC730F}.Release|Any CPU.Build.0 = Release|Any CPU
		{FD2CE010-AE1A-4850-B5BE-B511E5DC730F}.Release|x64.ActiveCfg = Release|Any CPU
		{FD2CE010-AE1A-4850-B5BE-B511E5DC730F}.Release|x64.Build.0 = Release|Any CPU
		{FD2CE010-AE1A-4850-B5BE-B511E5DC730F}.Release|x86.ActiveCfg = Release|Any CPU
		{FD2CE010-AE1A-4850-B5BE-B511E5DC730F}.Release|x86.Build.0 = Release|Any CPU
	EndGlobalSection
EndGlobal
